
Microsoft Visual Studio Solution File, Format Version 12.00
# Visual Studio 15
VisualStudioVersion = 15.0.27428.2005
MinimumVisualStudioVersion = 10.0.40219.1
Project("{FAE04EC0-301F-11D3-BF4B-00C04F79EFBC}") = "accessControl.Core", "accessControl.Core.csproj", "{8F5CA01E-2F58-43E6-9716-042120E8F456}"
EndProject
Project("{FAE04EC0-301F-11D3-BF4B-00C04F79EFBC}") = "accessControl.Console", "accessControl.Console.csproj", "{B5E597A8-4AA7-48C9-B012-306A1A933343}"
EndProject
Global
	GlobalSection(SolutionConfigurationPlatforms) = preSolution
		Debug|Any CPU = Debug|Any CPU
		Release|Any CPU = Release|Any CPU
	EndGlobalSection
	GlobalSection(ProjectConfigurationPlatforms) = postSolution
		{8F5CA01E-2F58-43E6-9716-042120E8F456}.Debug|Any CPU.ActiveCfg = Debug|Any CPU
		{8F5CA01E-2F58-43E6-9716-042120E8F456}.Debug|Any CPU.Build.0 = Debug|Any CPU
		{8F5CA01E-2F58-43E6-9716-042120E8F456}.Release|Any CPU.ActiveCfg = Release|Any CPU
		{8F5CA01E-2F58-43E6-9716-042120E8F456}.Release|Any CPU.Build.0 = Release|Any CPU
		{B5E597A8-4AA7-48C9-B012-306A1A933343}.Debug|Any CPU.ActiveCfg = Debug|Any CPU
		{B5E597A8-4AA7-48C9-B012-306A1A933343}.Debug|Any CPU.Build.0 = Debug|Any CPU
		{B5E597A8-4AA7-48C9-B012-306A1A933343}.Release|Any CPU.ActiveCfg = Release|Any CPU
		{B5E597A8-4AA7-48C9-B012-306A1A933343}.Release|Any CPU.Build.0 = Release|Any CPU
	EndGlobalSection
	GlobalSection(SolutionProperties) = preSolution
		HideSolutionNode = FALSE
	EndGlobalSection
	GlobalSection(ExtensibilityGlobals) = postSolution
		SolutionGuid = {C83F82FD-FA11-4AF8-8D25-C72B4C35F29D}
	EndGlobalSection
EndGlobal
